
Microsoft Visual Studio Solution File, Format Version 12.00
# Visual Studio Version 17
VisualStudioVersion = 17.3.32922.545
MinimumVisualStudioVersion = 10.0.40219.1
Project("{9A19103F-16F7-4668-BE54-9A1E7A4F7556}") = "CuelogicResourceManagement", "CuelogicResourceManagement\CuelogicResourceManagement.csproj", "{1CD1C6BE-7CCD-43B0-AE0B-06557D902342}"
EndProject
Project("{2150E333-8FDC-42A3-9474-1A3956D46DE8}") = "Services", "Services", "{504C84EF-2107-4EC7-B0DA-9D747F117C8B}"
EndProject
Project("{9A19103F-16F7-4668-BE54-9A1E7A4F7556}") = "Services.Contracts", "IEmployeeServices\Services.Contracts.csproj", "{4DE08C0E-DA4B-42D4-A1FE-358DDDAC79EE}"
EndProject
Project("{9A19103F-16F7-4668-BE54-9A1E7A4F7556}") = "Services", "Services\Services.csproj", "{D7B98238-747E-4CC5-A33F-336448E08EBA}"
EndProject
Project("{2150E333-8FDC-42A3-9474-1A3956D46DE8}") = "Entities", "Entities", "{59CCAF63-2BBB-443E-8DC6-47C535205C06}"
EndProject
Project("{9A19103F-16F7-4668-BE54-9A1E7A4F7556}") = "Entities", "Entities\Entities.csproj", "{C4336EE2-F824-44F6-B7A7-CF47DA5F71D1}"
EndProject
Project("{2150E333-8FDC-42A3-9474-1A3956D46DE8}") = "DbModel", "DbModel", "{C7ACF4A3-C948-4C27-AEE2-7BBAA8733A08}"
EndProject
Project("{9A19103F-16F7-4668-BE54-9A1E7A4F7556}") = "Dbmodel", "Dbmodel\Dbmodel.csproj", "{280AAE36-FC4B-4408-A0B6-25FA002261A4}"
EndProject
Project("{2150E333-8FDC-42A3-9474-1A3956D46DE8}") = "Repository", "Repository", "{39299C97-BFA3-4D9B-BEE5-47F2514C483A}"
EndProject
Project("{9A19103F-16F7-4668-BE54-9A1E7A4F7556}") = "Repository", "Repository\Repository.csproj", "{099EDDCA-2B8C-42A3-A32A-72DB7FD6CC0D}"
EndProject
Project("{9A19103F-16F7-4668-BE54-9A1E7A4F7556}") = "IRepository", "IRepository\IRepository.csproj", "{A3C64B27-D51F-4E23-8A59-33BA7C2075B8}"
EndProject
Project("{2150E333-8FDC-42A3-9474-1A3956D46DE8}") = "UnitTest", "UnitTest", "{C56799A1-C19E-4DFD-854A-57433CDC8CBE}"
EndProject
Project("{9A19103F-16F7-4668-BE54-9A1E7A4F7556}") = "UnitTest", "UnitTest\UnitTest.csproj", "{31D0A03E-FA31-47F0-A101-28DA5CB9C58B}"
EndProject
Project("{2150E333-8FDC-42A3-9474-1A3956D46DE8}") = "Common", "Common", "{7AB34018-33F2-46B6-8793-8EE383335D13}"
EndProject
Project("{9A19103F-16F7-4668-BE54-9A1E7A4F7556}") = "Common", "Common\Common.csproj", "{746EBDA6-CD69-4D90-A16E-45FE1672A954}"
EndProject
Global
	GlobalSection(SolutionConfigurationPlatforms) = preSolution
		Debug|Any CPU = Debug|Any CPU
		Release|Any CPU = Release|Any CPU
	EndGlobalSection
	GlobalSection(ProjectConfigurationPlatforms) = postSolution
		{1CD1C6BE-7CCD-43B0-AE0B-06557D902342}.Debug|Any CPU.ActiveCfg = Debug|Any CPU
		{1CD1C6BE-7CCD-43B0-AE0B-06557D902342}.Debug|Any CPU.Build.0 = Debug|Any CPU
		{1CD1C6BE-7CCD-43B0-AE0B-06557D902342}.Release|Any CPU.ActiveCfg = Release|Any CPU
		{1CD1C6BE-7CCD-43B0-AE0B-06557D902342}.Release|Any CPU.Build.0 = Release|Any CPU
		{4DE08C0E-DA4B-42D4-A1FE-358DDDAC79EE}.Debug|Any CPU.ActiveCfg = Debug|Any CPU
		{4DE08C0E-DA4B-42D4-A1FE-358DDDAC79EE}.Debug|Any CPU.Build.0 = Debug|Any CPU
		{4DE08C0E-DA4B-42D4-A1FE-358DDDAC79EE}.Release|Any CPU.ActiveCfg = Release|Any CPU
		{4DE08C0E-DA4B-42D4-A1FE-358DDDAC79EE}.Release|Any CPU.Build.0 = Release|Any CPU
		{D7B98238-747E-4CC5-A33F-336448E08EBA}.Debug|Any CPU.ActiveCfg = Debug|Any CPU
		{D7B98238-747E-4CC5-A33F-336448E08EBA}.Debug|Any CPU.Build.0 = Debug|Any CPU
		{D7B98238-747E-4CC5-A33F-336448E08EBA}.Release|Any CPU.ActiveCfg = Release|Any CPU
		{D7B98238-747E-4CC5-A33F-336448E08EBA}.Release|Any CPU.Build.0 = Release|Any CPU
		{C4336EE2-F824-44F6-B7A7-CF47DA5F71D1}.Debug|Any CPU.ActiveCfg = Debug|Any CPU
		{C4336EE2-F824-44F6-B7A7-CF47DA5F71D1}.Debug|Any CPU.Build.0 = Debug|Any CPU
		{C4336EE2-F824-44F6-B7A7-CF47DA5F71D1}.Release|Any CPU.ActiveCfg = Release|Any CPU
		{C4336EE2-F824-44F6-B7A7-CF47DA5F71D1}.Release|Any CPU.Build.0 = Release|Any CPU
		{280AAE36-FC4B-4408-A0B6-25FA002261A4}.Debug|Any CPU.ActiveCfg = Debug|Any CPU
		{280AAE36-FC4B-4408-A0B6-25FA002261A4}.Debug|Any CPU.Build.0 = Debug|Any CPU
		{280AAE36-FC4B-4408-A0B6-25FA002261A4}.Release|Any CPU.ActiveCfg = Release|Any CPU
		{280AAE36-FC4B-4408-A0B6-25FA002261A4}.Release|Any CPU.Build.0 = Release|Any CPU
		{099EDDCA-2B8C-42A3-A32A-72DB7FD6CC0D}.Debug|Any CPU.ActiveCfg = Debug|Any CPU
		{099EDDCA-2B8C-42A3-A32A-72DB7FD6CC0D}.Debug|Any CPU.Build.0 = Debug|Any CPU
		{099EDDCA-2B8C-42A3-A32A-72DB7FD6CC0D}.Release|Any CPU.ActiveCfg = Release|Any CPU
		{099EDDCA-2B8C-42A3-A32A-72DB7FD6CC0D}.Release|Any CPU.Build.0 = Release|Any CPU
		{A3C64B27-D51F-4E23-8A59-33BA7C2075B8}.Debug|Any CPU.ActiveCfg = Debug|Any CPU
		{A3C64B27-D51F-4E23-8A59-33BA7C2075B8}.Debug|Any CPU.Build.0 = Debug|Any CPU
		{A3C64B27-D51F-4E23-8A59-33BA7C2075B8}.Release|Any CPU.ActiveCfg = Release|Any CPU
		{A3C64B27-D51F-4E23-8A59-33BA7C2075B8}.Release|Any CPU.Build.0 = Release|Any CPU
		{31D0A03E-FA31-47F0-A101-28DA5CB9C58B}.Debug|Any CPU.ActiveCfg = Debug|Any CPU
		{31D0A03E-FA31-47F0-A101-28DA5CB9C58B}.Debug|Any CPU.Build.0 = Debug|Any CPU
		{31D0A03E-FA31-47F0-A101-28DA5CB9C58B}.Release|Any CPU.ActiveCfg = Release|Any CPU
		{31D0A03E-FA31-47F0-A101-28DA5CB9C58B}.Release|Any CPU.Build.0 = Release|Any CPU
		{746EBDA6-CD69-4D90-A16E-45FE1672A954}.Debug|Any CPU.ActiveCfg = Debug|Any CPU
		{746EBDA6-CD69-4D90-A16E-45FE1672A954}.Debug|Any CPU.Build.0 = Debug|Any CPU
		{746EBDA6-CD69-4D90-A16E-45FE1672A954}.Release|Any CPU.ActiveCfg = Release|Any CPU
		{746EBDA6-CD69-4D90-A16E-45FE1672A954}.Release|Any CPU.Build.0 = Release|Any CPU
	EndGlobalSection
	GlobalSection(SolutionProperties) = preSolution
		HideSolutionNode = FALSE
	EndGlobalSection
	GlobalSection(NestedProjects) = preSolution
		{4DE08C0E-DA4B-42D4-A1FE-358DDDAC79EE} = {504C84EF-2107-4EC7-B0DA-9D747F117C8B}
		{D7B98238-747E-4CC5-A33F-336448E08EBA} = {504C84EF-2107-4EC7-B0DA-9D747F117C8B}
		{C4336EE2-F824-44F6-B7A7-CF47DA5F71D1} = {59CCAF63-2BBB-443E-8DC6-47C535205C06}
		{280AAE36-FC4B-4408-A0B6-25FA002261A4} = {C7ACF4A3-C948-4C27-AEE2-7BBAA8733A08}
		{099EDDCA-2B8C-42A3-A32A-72DB7FD6CC0D} = {39299C97-BFA3-4D9B-BEE5-47F2514C483A}
		{A3C64B27-D51F-4E23-8A59-33BA7C2075B8} = {39299C97-BFA3-4D9B-BEE5-47F2514C483A}
		{31D0A03E-FA31-47F0-A101-28DA5CB9C58B} = {C56799A1-C19E-4DFD-854A-57433CDC8CBE}
		{746EBDA6-CD69-4D90-A16E-45FE1672A954} = {7AB34018-33F2-46B6-8793-8EE383335D13}
	EndGlobalSection
	GlobalSection(ExtensibilityGlobals) = postSolution
		SolutionGuid = {6F89EF07-4F1F-4F96-A6A7-3BC48E7F7C6C}
	EndGlobalSection
EndGlobal
